
Microsoft Visual Studio Solution File, Format Version 12.00
# Visual Studio Version 16
VisualStudioVersion = 16.0.31112.23
MinimumVisualStudioVersion = 10.0.40219.1
Project("{FAE04EC0-301F-11D3-BF4B-00C04F79EFBC}") = "NguyenHoangLong_5951071052", "NguyenHoangLong_5951071052\NguyenHoangLong_5951071052.csproj", "{2CA0EA24-8AB1-4AE2-B5B4-76CF6BAE68B4}"
EndProject
Global
	GlobalSection(SolutionConfigurationPlatforms) = preSolution
		Debug|Any CPU = Debug|Any CPU
		Release|Any CPU = Release|Any CPU
	EndGlobalSection
	GlobalSection(ProjectConfigurationPlatforms) = postSolution
		{2CA0EA24-8AB1-4AE2-B5B4-76CF6BAE68B4}.Debug|Any CPU.ActiveCfg = Debug|Any CPU
		{2CA0EA24-8AB1-4AE2-B5B4-76CF6BAE68B4}.Debug|Any CPU.Build.0 = Debug|Any CPU
		{2CA0EA24-8AB1-4AE2-B5B4-76CF6BAE68B4}.Release|Any CPU.ActiveCfg = Release|Any CPU
		{2CA0EA24-8AB1-4AE2-B5B4-76CF6BAE68B4}.Release|Any CPU.Build.0 = Release|Any CPU
	EndGlobalSection
	GlobalSection(SolutionProperties) = preSolution
		HideSolutionNode = FALSE
	EndGlobalSection
	GlobalSection(ExtensibilityGlobals) = postSolution
		SolutionGuid = {CD985800-6D2D-4840-8E5D-4E3ECCF3F4D6}
	EndGlobalSection
EndGlobal
